
Microsoft Visual Studio Solution File, Format Version 12.00
# Visual Studio Version 17
VisualStudioVersion = 17.0.31903.59
MinimumVisualStudioVersion = 10.0.40219.1
Project("{2150E333-8FDC-42A3-9474-1A3956D46DE8}") = "src", "src", "{87DA7487-0B49-417E-B554-F660D1FEEBB9}"
EndProject
Project("{FAE04EC0-301F-11D3-BF4B-00C04F79EFBC}") = "Zearain.AoC23.Application", "src\Application\Zearain.AoC23.Application.csproj", "{D831259F-1323-4819-82EB-9B0A3201C138}"
EndProject
Project("{FAE04EC0-301F-11D3-BF4B-00C04F79EFBC}") = "Zearain.AoC23.Domain", "src\Domain\Zearain.AoC23.Domain.csproj", "{E24ABC27-B4FA-48D6-9892-1233356AA314}"
EndProject
Project("{FAE04EC0-301F-11D3-BF4B-00C04F79EFBC}") = "Zearain.AoC23.Frontend", "src\Frontend\Zearain.AoC23.Frontend.csproj", "{56CCBCDC-42CC-4949-940E-6A155391A82E}"
EndProject
Project("{FAE04EC0-301F-11D3-BF4B-00C04F79EFBC}") = "Zearain.AoC23.Infrastructure", "src\Infrastructure\Zearain.AoC23.Infrastructure.csproj", "{05E50ABD-DFD8-4767-BF21-DAB6B8CB4552}"
EndProject
Project("{FAE04EC0-301F-11D3-BF4B-00C04F79EFBC}") = "Zearain.AoC23.WebAPI", "src\WebAPI\Zearain.AoC23.WebAPI.csproj", "{65469320-74B3-4A13-9B6C-7B954184654C}"
EndProject
Project("{FAE04EC0-301F-11D3-BF4B-00C04F79EFBC}") = "Zearain.AoC23.Contracts", "src\Contracts\Zearain.AoC23.Contracts.csproj", "{E7EE0CB8-F0E3-4B2D-BD6A-8DA6D87D9A6D}"
EndProject
Global
	GlobalSection(SolutionConfigurationPlatforms) = preSolution
		Debug|Any CPU = Debug|Any CPU
		Release|Any CPU = Release|Any CPU
	EndGlobalSection
	GlobalSection(ProjectConfigurationPlatforms) = postSolution
		{D831259F-1323-4819-82EB-9B0A3201C138}.Debug|Any CPU.ActiveCfg = Debug|Any CPU
		{D831259F-1323-4819-82EB-9B0A3201C138}.Debug|Any CPU.Build.0 = Debug|Any CPU
		{D831259F-1323-4819-82EB-9B0A3201C138}.Release|Any CPU.ActiveCfg = Release|Any CPU
		{D831259F-1323-4819-82EB-9B0A3201C138}.Release|Any CPU.Build.0 = Release|Any CPU
		{E24ABC27-B4FA-48D6-9892-1233356AA314}.Debug|Any CPU.ActiveCfg = Debug|Any CPU
		{E24ABC27-B4FA-48D6-9892-1233356AA314}.Debug|Any CPU.Build.0 = Debug|Any CPU
		{E24ABC27-B4FA-48D6-9892-1233356AA314}.Release|Any CPU.ActiveCfg = Release|Any CPU
		{E24ABC27-B4FA-48D6-9892-1233356AA314}.Release|Any CPU.Build.0 = Release|Any CPU
		{56CCBCDC-42CC-4949-940E-6A155391A82E}.Debug|Any CPU.ActiveCfg = Debug|Any CPU
		{56CCBCDC-42CC-4949-940E-6A155391A82E}.Debug|Any CPU.Build.0 = Debug|Any CPU
		{56CCBCDC-42CC-4949-940E-6A155391A82E}.Release|Any CPU.ActiveCfg = Release|Any CPU
		{56CCBCDC-42CC-4949-940E-6A155391A82E}.Release|Any CPU.Build.0 = Release|Any CPU
		{05E50ABD-DFD8-4767-BF21-DAB6B8CB4552}.Debug|Any CPU.ActiveCfg = Debug|Any CPU
		{05E50ABD-DFD8-4767-BF21-DAB6B8CB4552}.Debug|Any CPU.Build.0 = Debug|Any CPU
		{05E50ABD-DFD8-4767-BF21-DAB6B8CB4552}.Release|Any CPU.ActiveCfg = Release|Any CPU
		{05E50ABD-DFD8-4767-BF21-DAB6B8CB4552}.Release|Any CPU.Build.0 = Release|Any CPU
		{65469320-74B3-4A13-9B6C-7B954184654C}.Debug|Any CPU.ActiveCfg = Debug|Any CPU
		{65469320-74B3-4A13-9B6C-7B954184654C}.Debug|Any CPU.Build.0 = Debug|Any CPU
		{65469320-74B3-4A13-9B6C-7B954184654C}.Release|Any CPU.ActiveCfg = Release|Any CPU
		{65469320-74B3-4A13-9B6C-7B954184654C}.Release|Any CPU.Build.0 = Release|Any CPU
		{E7EE0CB8-F0E3-4B2D-BD6A-8DA6D87D9A6D}.Debug|Any CPU.ActiveCfg = Debug|Any CPU
		{E7EE0CB8-F0E3-4B2D-BD6A-8DA6D87D9A6D}.Debug|Any CPU.Build.0 = Debug|Any CPU
		{E7EE0CB8-F0E3-4B2D-BD6A-8DA6D87D9A6D}.Release|Any CPU.ActiveCfg = Release|Any CPU
		{E7EE0CB8-F0E3-4B2D-BD6A-8DA6D87D9A6D}.Release|Any CPU.Build.0 = Release|Any CPU
	EndGlobalSection
	GlobalSection(SolutionProperties) = preSolution
		HideSolutionNode = FALSE
	EndGlobalSection
	GlobalSection(NestedProjects) = preSolution
		{D831259F-1323-4819-82EB-9B0A3201C138} = {87DA7487-0B49-417E-B554-F660D1FEEBB9}
		{E24ABC27-B4FA-48D6-9892-1233356AA314} = {87DA7487-0B49-417E-B554-F660D1FEEBB9}
		{56CCBCDC-42CC-4949-940E-6A155391A82E} = {87DA7487-0B49-417E-B554-F660D1FEEBB9}
		{05E50ABD-DFD8-4767-BF21-DAB6B8CB4552} = {87DA7487-0B49-417E-B554-F660D1FEEBB9}
		{65469320-74B3-4A13-9B6C-7B954184654C} = {87DA7487-0B49-417E-B554-F660D1FEEBB9}
		{E7EE0CB8-F0E3-4B2D-BD6A-8DA6D87D9A6D} = {87DA7487-0B49-417E-B554-F660D1FEEBB9}
	EndGlobalSection
EndGlobal
